
Microsoft Visual Studio Solution File, Format Version 12.00
# Visual Studio 15
VisualStudioVersion = 15.0.26430.6
MinimumVisualStudioVersion = 10.0.40219.1
Project("{FAE04EC0-301F-11D3-BF4B-00C04F79EFBC}") = "Immanuel.Pubsub", "Immanuel.Pubsub\Immanuel.Pubsub.csproj", "{BCE0C1F0-2B5D-4A42-9854-B685FCA3726F}"
EndProject
Project("{FAE04EC0-301F-11D3-BF4B-00C04F79EFBC}") = "Test.Signalr.Client", "Test.Signalr.Client\Test.Signalr.Client.csproj", "{A2776D17-7601-448C-B920-7C5CBE6FCA17}"
EndProject
Project("{2150E333-8FDC-42A3-9474-1A3956D46DE8}") = "HtmlClient", "HtmlClient", "{FD7C0584-6F16-4837-8162-D1532C9A6BB9}"
	ProjectSection(SolutionItems) = preProject
		HtmlClient\a7-v1.js = HtmlClient\a7-v1.js
		HtmlClient\HtmlClient.html = HtmlClient\HtmlClient.html
		HtmlClient\jquery-1.10.2.js = HtmlClient\jquery-1.10.2.js
		HtmlClient\jquery.signalR-2.1.2.js = HtmlClient\jquery.signalR-2.1.2.js
	EndProjectSection
EndProject
Project("{FAE04EC0-301F-11D3-BF4B-00C04F79EFBC}") = "Immanuel.Core.PubSub", "Immanuel.Core.PubSub\Immanuel.Core.PubSub.csproj", "{7AF8E1C6-A430-49BD-A22E-724C296C12DE}"
EndProject
Global
	GlobalSection(SolutionConfigurationPlatforms) = preSolution
		Debug|Any CPU = Debug|Any CPU
		Release|Any CPU = Release|Any CPU
	EndGlobalSection
	GlobalSection(ProjectConfigurationPlatforms) = postSolution
		{BCE0C1F0-2B5D-4A42-9854-B685FCA3726F}.Debug|Any CPU.ActiveCfg = Debug|Any CPU
		{BCE0C1F0-2B5D-4A42-9854-B685FCA3726F}.Debug|Any CPU.Build.0 = Debug|Any CPU
		{BCE0C1F0-2B5D-4A42-9854-B685FCA3726F}.Release|Any CPU.ActiveCfg = Release|Any CPU
		{BCE0C1F0-2B5D-4A42-9854-B685FCA3726F}.Release|Any CPU.Build.0 = Release|Any CPU
		{A2776D17-7601-448C-B920-7C5CBE6FCA17}.Debug|Any CPU.ActiveCfg = Debug|Any CPU
		{A2776D17-7601-448C-B920-7C5CBE6FCA17}.Debug|Any CPU.Build.0 = Debug|Any CPU
		{A2776D17-7601-448C-B920-7C5CBE6FCA17}.Release|Any CPU.ActiveCfg = Release|Any CPU
		{A2776D17-7601-448C-B920-7C5CBE6FCA17}.Release|Any CPU.Build.0 = Release|Any CPU
		{7AF8E1C6-A430-49BD-A22E-724C296C12DE}.Debug|Any CPU.ActiveCfg = Debug|Any CPU
		{7AF8E1C6-A430-49BD-A22E-724C296C12DE}.Debug|Any CPU.Build.0 = Debug|Any CPU
		{7AF8E1C6-A430-49BD-A22E-724C296C12DE}.Release|Any CPU.ActiveCfg = Release|Any CPU
		{7AF8E1C6-A430-49BD-A22E-724C296C12DE}.Release|Any CPU.Build.0 = Release|Any CPU
	EndGlobalSection
	GlobalSection(SolutionProperties) = preSolution
		HideSolutionNode = FALSE
	EndGlobalSection
	GlobalSection(ExtensibilityGlobals) = postSolution
		SolutionGuid = {505D1DA9-6275-451D-AB8E-E05DA98734D4}
	EndGlobalSection
EndGlobal
